# This file was autogenerated by Stack.
# You should not edit this file by hand.
# For more information, please see the documentation at:
#   https://docs.haskellstack.org/en/stable/topics/lock_files

packages:
- completed:
    hackage: ormolu-0.7.7.0@sha256:2c1d251f4d5cfb08d3826ccabca1afa8699c8531612283ec8f7e6a8edc2416ed,6056
    pantry-tree:
      sha256: 2f84e321ad41d2ab7ddfd07348d61390c35077ff5f8969e8f889b7edd00ddb8c
      size: 101492
  original:
    hackage: ormolu-0.7.7.0
- completed:
    hackage: Cabal-syntax-3.12.1.0@sha256:6dbb06fb08ff77520947fb4c1ef281c9cea5b8dc7fd9a41ad62273fa916cf4b2,7407
    pantry-tree:
      sha256: 62e4b1bbdf7fe7d5259f45811e6fd0131823a10a8ec8c5eaf25370d444ac263a
      size: 11051
  original:
    hackage: Cabal-syntax-3.12.1.0@sha256:6dbb06fb08ff77520947fb4c1ef281c9cea5b8dc7fd9a41ad62273fa916cf4b2,7407
- completed:
    hackage: ghc-lib-parser-9.10.1.20250103@sha256:e6ac09326b6b4c7a0113cc962c2321e86e47f0176a9ec5989641c8a95dbcfa2a,18195
    pantry-tree:
      sha256: fb09305e1cf369b7473ee07337cc252958815a46ca11b2a2a6f4c43862636cf8
      size: 37484
  original:
    hackage: ghc-lib-parser-9.10.1.20250103@sha256:e6ac09326b6b4c7a0113cc962c2321e86e47f0176a9ec5989641c8a95dbcfa2a,18195
snapshots:
- completed:
    sha256: 9444fadfa30b67a93080254d53872478c087592ad64443e47c546cdcd13149ae
    size: 678857
    url: https://raw.githubusercontent.com/commercialhaskell/stackage-snapshots/master/lts/23/0.yaml
  original: lts-23.0
